PODS:
  - ValidatedPropertyKit (0.0.4)

DEPENDENCIES:
  - ValidatedPropertyKit (= 0.0.4)

SPEC REPOS:
  trunk:
    - ValidatedPropertyKit

SPEC CHECKSUMS:
  ValidatedPropertyKit: 599b32854be66b3eea55c0ad7aa22c52cba4b997

PODFILE CHECKSUM: 67e91da8617fcad8f6526995f622f63233897170

COCOAPODS: 1.10.0.rc.1
